
Microsoft Visual Studio Solution File, Format Version 12.00
# Visual Studio 15
VisualStudioVersion = 15.0.27428.2015
MinimumVisualStudioVersion = 10.0.40219.1
Project("{8BC9CEB8-8B4A-11D0-8D11-00A0C91BC942}") = "tesi_gpu", "tesi_gpu\tesi_gpu.vcxproj", "{088CC733-D0D3-43D0-95C3-35CFD884166D}"
EndProject
Global
	GlobalSection(SolutionConfigurationPlatforms) = preSolution
		Debug|x64 = Debug|x64
		Release|x64 = Release|x64
	EndGlobalSection
	GlobalSection(ProjectConfigurationPlatforms) = postSolution
		{088CC733-D0D3-43D0-95C3-35CFD884166D}.Debug|x64.ActiveCfg = Debug|x64
		{088CC733-D0D3-43D0-95C3-35CFD884166D}.Debug|x64.Build.0 = Debug|x64
		{088CC733-D0D3-43D0-95C3-35CFD884166D}.Release|x64.ActiveCfg = Release|x64
		{088CC733-D0D3-43D0-95C3-35CFD884166D}.Release|x64.Build.0 = Release|x64
	EndGlobalSection
	GlobalSection(SolutionProperties) = preSolution
		HideSolutionNode = FALSE
	EndGlobalSection
	GlobalSection(ExtensibilityGlobals) = postSolution
		SolutionGuid = {17BED8FA-AD0D-4984-AF91-46E8D29717F1}
	EndGlobalSection
EndGlobal
